
Microsoft Visual Studio Solution File, Format Version 12.00
# Visual Studio Version 16
VisualStudioVersion = 16.0.30011.22
MinimumVisualStudioVersion = 10.0.40219.1
Project("{9A19103F-16F7-4668-BE54-9A1E7A4F7556}") = "OrderActor", "OrderActor\OrderActor.csproj", "{CF2DA268-FED5-47DC-888A-6FEA8980B316}"
EndProject
Project("{9A19103F-16F7-4668-BE54-9A1E7A4F7556}") = "OrderActor.Interfaces", "OrderActor.Interfaces\OrderActor.Interfaces.csproj", "{B706239D-1EE3-48DF-9EA2-6F2EE46AAE3A}"
EndProject
Project("{FAE04EC0-301F-11D3-BF4B-00C04F79EFBC}") = "OrderClient", "OrderClient\OrderClient.csproj", "{3BC02049-3ED8-48DE-9DC9-D176D5FC6397}"
EndProject
Global
	GlobalSection(SolutionConfigurationPlatforms) = preSolution
		Debug|Any CPU = Debug|Any CPU
		Release|Any CPU = Release|Any CPU
	EndGlobalSection
	GlobalSection(ProjectConfigurationPlatforms) = postSolution
		{CF2DA268-FED5-47DC-888A-6FEA8980B316}.Debug|Any CPU.ActiveCfg = Debug|Any CPU
		{CF2DA268-FED5-47DC-888A-6FEA8980B316}.Debug|Any CPU.Build.0 = Debug|Any CPU
		{CF2DA268-FED5-47DC-888A-6FEA8980B316}.Release|Any CPU.ActiveCfg = Release|Any CPU
		{CF2DA268-FED5-47DC-888A-6FEA8980B316}.Release|Any CPU.Build.0 = Release|Any CPU
		{B706239D-1EE3-48DF-9EA2-6F2EE46AAE3A}.Debug|Any CPU.ActiveCfg = Debug|Any CPU
		{B706239D-1EE3-48DF-9EA2-6F2EE46AAE3A}.Debug|Any CPU.Build.0 = Debug|Any CPU
		{B706239D-1EE3-48DF-9EA2-6F2EE46AAE3A}.Release|Any CPU.ActiveCfg = Release|Any CPU
		{B706239D-1EE3-48DF-9EA2-6F2EE46AAE3A}.Release|Any CPU.Build.0 = Release|Any CPU
		{3BC02049-3ED8-48DE-9DC9-D176D5FC6397}.Debug|Any CPU.ActiveCfg = Debug|Any CPU
		{3BC02049-3ED8-48DE-9DC9-D176D5FC6397}.Debug|Any CPU.Build.0 = Debug|Any CPU
		{3BC02049-3ED8-48DE-9DC9-D176D5FC6397}.Release|Any CPU.ActiveCfg = Release|Any CPU
		{3BC02049-3ED8-48DE-9DC9-D176D5FC6397}.Release|Any CPU.Build.0 = Release|Any CPU
	EndGlobalSection
	GlobalSection(SolutionProperties) = preSolution
		HideSolutionNode = FALSE
	EndGlobalSection
	GlobalSection(ExtensibilityGlobals) = postSolution
		SolutionGuid = {66ACEF6B-3260-4A93-9798-DEDA3A765C8E}
	EndGlobalSection
EndGlobal
